
Microsoft Visual Studio Solution File, Format Version 12.00
# Visual Studio Version 17
VisualStudioVersion = 17.13.35806.99 d17.13
MinimumVisualStudioVersion = 10.0.40219.1
Project("{FAE04EC0-301F-11D3-BF4B-00C04F79EFBC}") = "Seminar4_HW", "Seminar4_HW\Seminar4_HW.csproj", "{40DF8FB0-7207-4BB1-AC0C-173D48214373}"
EndProject
Global
	GlobalSection(SolutionConfigurationPlatforms) = preSolution
		Debug|Any CPU = Debug|Any CPU
		Release|Any CPU = Release|Any CPU
	EndGlobalSection
	GlobalSection(ProjectConfigurationPlatforms) = postSolution
		{40DF8FB0-7207-4BB1-AC0C-173D48214373}.Debug|Any CPU.ActiveCfg = Debug|Any CPU
		{40DF8FB0-7207-4BB1-AC0C-173D48214373}.Debug|Any CPU.Build.0 = Debug|Any CPU
		{40DF8FB0-7207-4BB1-AC0C-173D48214373}.Release|Any CPU.ActiveCfg = Release|Any CPU
		{40DF8FB0-7207-4BB1-AC0C-173D48214373}.Release|Any CPU.Build.0 = Release|Any CPU
	EndGlobalSection
	GlobalSection(SolutionProperties) = preSolution
		HideSolutionNode = FALSE
	EndGlobalSection
	GlobalSection(ExtensibilityGlobals) = postSolution
		SolutionGuid = {692F0523-3E08-49E9-9C56-E158719AFFD4}
	EndGlobalSection
EndGlobal
